
Microsoft Visual Studio Solution File, Format Version 12.00
# Visual Studio Version 17
VisualStudioVersion = 17.7.34024.191
MinimumVisualStudioVersion = 10.0.40219.1
Project("{FAE04EC0-301F-11D3-BF4B-00C04F79EFBC}") = "ServicePortmon", "ServicePortmon.csproj", "{67F3EE29-ED80-42C9-9213-53C5DF07E285}"
EndProject
Global
	GlobalSection(SolutionConfigurationPlatforms) = preSolution
		Debug|Any CPU = Debug|Any CPU
		Release|Any CPU = Release|Any CPU
	EndGlobalSection
	GlobalSection(ProjectConfigurationPlatforms) = postSolution
		{67F3EE29-ED80-42C9-9213-53C5DF07E285}.Debug|Any CPU.ActiveCfg = Debug|Any CPU
		{67F3EE29-ED80-42C9-9213-53C5DF07E285}.Debug|Any CPU.Build.0 = Debug|Any CPU
		{67F3EE29-ED80-42C9-9213-53C5DF07E285}.Release|Any CPU.ActiveCfg = Release|Any CPU
		{67F3EE29-ED80-42C9-9213-53C5DF07E285}.Release|Any CPU.Build.0 = Release|Any CPU
	EndGlobalSection
	GlobalSection(SolutionProperties) = preSolution
		HideSolutionNode = FALSE
	EndGlobalSection
	GlobalSection(ExtensibilityGlobals) = postSolution
		SolutionGuid = {7356900C-02B1-4EED-9D08-724D6B0A9913}
	EndGlobalSection
EndGlobal
